// !$*UTF8*$!
{
	archiveVersion = 1;
	classes = {
	};
	objectVersion = 50;
	objects = {

/* Begin PBXBuildFile section */
		5C6C515B2476DB8800D8844F /* AppDelegate.swift in Sources */ = {isa = PBXBuildFile; fileRef = 5C6C515A2476DB8800D8844F /* AppDelegate.swift */; };
		5C6C515D2476DB8800D8844F /* ViewController.swift in Sources */ = {isa = PBXBuildFile; fileRef = 5C6C515C2476DB8800D8844F /* ViewController.swift */; };
		5C6C51602476DB8800D8844F /* Main.storyboard in Resources */ = {isa = PBXBuildFile; fileRef = 5C6C515E2476DB8800D8844F /* Main.storyboard */; };
		5C6C51632476DB8800D8844F /* practiceCoreData.xcdatamodeld in Sources */ = {isa = PBXBuildFile; fileRef = 5C6C51612476DB8800D8844F /* practiceCoreData.xcdatamodeld */; };
		5C6C51652476DB8900D8844F /* Assets.xcassets in Resources */ = {isa = PBXBuildFile; fileRef = 5C6C51642476DB8900D8844F /* Assets.xcassets */; };
		5C6C51682476DB8900D8844F /* LaunchScreen.storyboard in Resources */ = {isa = PBXBuildFile; fileRef = 5C6C51662476DB8900D8844F /* LaunchScreen.storyboard */; };
		5C6C51772476DE0E00D8844F /* EmployeeDisplayViewController.swift in Sources */ = {isa = PBXBuildFile; fileRef = 5C6C51762476DE0E00D8844F /* EmployeeDisplayViewController.swift */; };
		5C6C51792476DE2700D8844F /* EmployeeListViewController.swift in Sources */ = {isa = PBXBuildFile; fileRef = 5C6C51782476DE2700D8844F /* EmployeeListViewController.swift */; };
		5C6C51802477297500D8844F /* Employee+CoreDataClass.swift in Sources */ = {isa = PBXBuildFile; fileRef = 5C6C517E2477297500D8844F /* Employee+CoreDataClass.swift */; };
		5C6C51812477297500D8844F /* Employee+CoreDataProperties.swift in Sources */ = {isa = PBXBuildFile; fileRef = 5C6C517F2477297500D8844F /* Employee+CoreDataProperties.swift */; };
/* End PBXBuildFile section */

/* Begin PBXFileReference section */
		5C6C51572476DB8800D8844F /* practiceCoreData.app */ = {isa = PBXFileReference; explicitFileType = wrapper.application; includeInIndex = 0; path = practiceCoreData.app; sourceTree = BUILT_PRODUCTS_DIR; };
		5C6C515A2476DB8800D8844F /* AppDelegate.swift */ = {isa = PBXFileReference; lastKnownFileType = sourcecode.swift; path = AppDelegate.swift; sourceTree = "<group>"; };
		5C6C515C2476DB8800D8844F /* ViewController.swift */ = {isa = PBXFileReference; lastKnownFileType = sourcecode.swift; path = ViewController.swift; sourceTree = "<group>"; };
		5C6C515F2476DB8800D8844F /* Base */ = {isa = PBXFileReference; lastKnownFileType = file.storyboard; name = Base; path = Base.lproj/Main.storyboard; sourceTree = "<group>"; };
		5C6C51622476DB8800D8844F /* practiceCoreData.xcdatamodel */ = {isa = PBXFileReference; lastKnownFileType = wrapper.xcdatamodel; path = practiceCoreData.xcdatamodel; sourceTree = "<group>"; };
		5C6C51642476DB8900D8844F /* Assets.xcassets */ = {isa = PBXFileReference; lastKnownFileType = folder.assetcatalog; path = Assets.xcassets; sourceTree = "<group>"; };
		5C6C51672476DB8900D8844F /* Base */ = {isa = PBXFileReference; lastKnownFileType = file.storyboard; name = Base; path = Base.lproj/LaunchScreen.storyboard; sourceTree = "<group>"; };
		5C6C51692476DB8900D8844F /* Info.plist */ = {isa = PBXFileReference; lastKnownFileType = text.plist.xml; path = Info.plist; sourceTree = "<group>"; };
		5C6C51762476DE0E00D8844F /* EmployeeDisplayViewController.swift */ = {isa = PBXFileReference; lastKnownFileType = sourcecode.swift; path = EmployeeDisplayViewController.swift; sourceTree = "<group>"; };
		5C6C51782476DE2700D8844F /* EmployeeListViewController.swift */ = {isa = PBXFileReference; lastKnownFileType = sourcecode.swift; path = EmployeeListViewController.swift; sourceTree = "<group>"; };
		5C6C517E2477297500D8844F /* Employee+CoreDataClass.swift */ = {isa = PBXFileReference; lastKnownFileType = sourcecode.swift; path = "Employee+CoreDataClass.swift"; sourceTree = "<group>"; };
		5C6C517F2477297500D8844F /* Employee+CoreDataProperties.swift */ = {isa = PBXFileReference; lastKnownFileType = sourcecode.swift; path = "Employee+CoreDataProperties.swift"; sourceTree = "<group>"; };
/* End PBXFileReference section */

/* Begin PBXFrameworksBuildPhase section */
		5C6C51542476DB8800D8844F /* Frameworks */ = {
			isa = PBXFrameworksBuildPhase;
			buildActionMask = 2147483647;
			files = (
			);
			runOnlyForDeploymentPostprocessing = 0;
		};
/* End PBXFrameworksBuildPhase section */

/* Begin PBXGroup section */
		5C6C514E2476DB8800D8844F = {
			isa = PBXGroup;
			children = (
				5C6C517E2477297500D8844F /* Employee+CoreDataClass.swift */,
				5C6C517F2477297500D8844F /* Employee+CoreDataProperties.swift */,
				5C6C51592476DB8800D8844F /* practiceCoreData */,
				5C6C51582476DB8800D8844F /* Products */,
			);
			sourceTree = "<group>";
		};
		5C6C51582476DB8800D8844F /* Products */ = {
			isa = PBXGroup;
			children = (
				5C6C51572476DB8800D8844F /* practiceCoreData.app */,
			);
			name = Products;
			sourceTree = "<group>";
		};
		5C6C51592476DB8800D8844F /* practiceCoreData */ = {
			isa = PBXGroup;
			children = (
				5C6C51752476DDEB00D8844F /* BO */,
				5C6C51742476DDD700D8844F /* DAO */,
				5C6C51732476DDBC00D8844F /* VC */,
				5C6C515A2476DB8800D8844F /* AppDelegate.swift */,
				5C6C515E2476DB8800D8844F /* Main.storyboard */,
				5C6C51642476DB8900D8844F /* Assets.xcassets */,
				5C6C51662476DB8900D8844F /* LaunchScreen.storyboard */,
				5C6C51692476DB8900D8844F /* Info.plist */,
				5C6C51612476DB8800D8844F /* practiceCoreData.xcdatamodeld */,
			);
			path = practiceCoreData;
			sourceTree = "<group>";
		};
		5C6C51732476DDBC00D8844F /* VC */ = {
			isa = PBXGroup;
			children = (
				5C6C515C2476DB8800D8844F /* ViewController.swift */,
				5C6C51762476DE0E00D8844F /* EmployeeDisplayViewController.swift */,
				5C6C51782476DE2700D8844F /* EmployeeListViewController.swift */,
			);
			path = VC;
			sourceTree = "<group>";
		};
		5C6C51742476DDD700D8844F /* DAO */ = {
			isa = PBXGroup;
			children = (
			);
			name = DAO;
			path = "New Group";
			sourceTree = "<group>";
		};
		5C6C51752476DDEB00D8844F /* BO */ = {
			isa = PBXGroup;
			children = (
			);
			path = BO;
			sourceTree = "<group>";
		};
/* End PBXGroup section */

/* Begin PBXNativeTarget section */
		5C6C51562476DB8800D8844F /* practiceCoreData */ = {
			isa = PBXNativeTarget;
			buildConfigurationList = 5C6C516C2476DB8900D8844F /* Build configuration list for PBXNativeTarget "practiceCoreData" */;
			buildPhases = (
				5C6C51532476DB8800D8844F /* Sources */,
				5C6C51542476DB8800D8844F /* Frameworks */,
				5C6C51552476DB8800D8844F /* Resources */,
			);
			buildRules = (
			);
			dependencies = (
			);
			name = practiceCoreData;
			productName = practiceCoreData;
			productReference = 5C6C51572476DB8800D8844F /* practiceCoreData.app */;
			productType = "com.apple.product-type.application";
		};
/* End PBXNativeTarget section */

/* Begin PBXProject section */
		5C6C514F2476DB8800D8844F /* Project object */ = {
			isa = PBXProject;
			attributes = {
				LastSwiftUpdateCheck = 1010;
				LastUpgradeCheck = 1010;
				ORGANIZATIONNAME = ios;
				TargetAttributes = {
					5C6C51562476DB8800D8844F = {
						CreatedOnToolsVersion = 10.1;
					};
				};
			};
			buildConfigurationList = 5C6C51522476DB8800D8844F /* Build configuration list for PBXProject "practiceCoreData" */;
			compatibilityVersion = "Xcode 9.3";
			developmentRegion = en;
			hasScannedForEncodings = 0;
			knownRegions = (
				en,
				Base,
			);
			mainGroup = 5C6C514E2476DB8800D8844F;
			productRefGroup = 5C6C51582476DB8800D8844F /* Products */;
			projectDirPath = "";
			projectRoot = "";
			targets = (
				5C6C51562476DB8800D8844F /* practiceCoreData */,
			);
		};
/* End PBXProject section */

/* Begin PBXResourcesBuildPhase section */
		5C6C51552476DB8800D8844F /* Resources */ = {
			isa = PBXResourcesBuildPhase;
			buildActionMask = 2147483647;
			files = (
				5C6C51682476DB8900D8844F /* LaunchScreen.storyboard in Resources */,
				5C6C51652476DB8900D8844F /* Assets.xcassets in Resources */,
				5C6C51602476DB8800D8844F /* Main.storyboard in Resources */,
			);
			runOnlyForDeploymentPostprocessing = 0;
		};
/* End PBXResourcesBuildPhase section */

/* Begin PBXSourcesBuildPhase section */
		5C6C51532476DB8800D8844F /* Sources */ = {
			isa = PBXSourcesBuildPhase;
			buildActionMask = 2147483647;
			files = (
				5C6C515D2476DB8800D8844F /* ViewController.swift in Sources */,
				5C6C51802477297500D8844F /* Employee+CoreDataClass.swift in Sources */,
				5C6C51632476DB8800D8844F /* practiceCoreData.xcdatamodeld in Sources */,
				5C6C515B2476DB8800D8844F /* AppDelegate.swift in Sources */,
				5C6C51792476DE2700D8844F /* EmployeeListViewController.swift in Sources */,
				5C6C51772476DE0E00D8844F /* EmployeeDisplayViewController.swift in Sources */,
				5C6C51812477297500D8844F /* Employee+CoreDataProperties.swift in Sources */,
			);
			runOnlyForDeploymentPostprocessing = 0;
		};
/* End PBXSourcesBuildPhase section */

/* Begin PBXVariantGroup section */
		5C6C515E2476DB8800D8844F /* Main.storyboard */ = {
			isa = PBXVariantGroup;
			children = (
				5C6C515F2476DB8800D8844F /* Base */,
			);
			name = Main.storyboard;
			sourceTree = "<group>";
		};
		5C6C51662476DB8900D8844F /* LaunchScreen.storyboard */ = {
			isa = PBXVariantGroup;
			children = (
				5C6C51672476DB8900D8844F /* Base */,
			);
			name = LaunchScreen.storyboard;
			sourceTree = "<group>";
		};
/* End PBXVariantGroup section */

/* Begin XCBuildConfiguration section */
		5C6C516A2476DB8900D8844F /* Debug */ = {
			isa = XCBuildConfiguration;
			buildSettings = {
				ALWAYS_SEARCH_USER_PATHS = NO;
				CLANG_ANALYZER_NONNULL = YES;
				CLANG_ANALYZER_NUMBER_OBJECT_CONVERSION = YES_AGGRESSIVE;
				CLANG_CXX_LANGUAGE_STANDARD = "gnu++14";
				CLANG_CXX_LIBRARY = "libc++";
				CLANG_ENABLE_MODULES = YES;
				CLANG_ENABLE_OBJC_ARC = YES;
				CLANG_ENABLE_OBJC_WEAK = YES;
				CLANG_WARN_BLOCK_CAPTURE_AUTORELEASING = YES;
				CLANG_WARN_BOOL_CONVERSION = YES;
				CLANG_WARN_COMMA = YES;
				CLANG_WARN_CONSTANT_CONVERSION = YES;
				CLANG_WARN_DEPRECATED_OBJC_IMPLEMENTATIONS = YES;
				CLANG_WARN_DIRECT_OBJC_ISA_USAGE = YES_ERROR;
				CLANG_WARN_DOCUMENTATION_COMMENTS = YES;
				CLANG_WARN_EMPTY_BODY = YES;
				CLANG_WARN_ENUM_CONVERSION = YES;
				CLANG_WARN_INFINITE_RECURSION = YES;
				CLANG_WARN_INT_CONVERSION = YES;
				CLANG_WARN_NON_LITERAL_NULL_CONVERSION = YES;
				CLANG_WARN_OBJC_IMPLICIT_RETAIN_SELF = YES;
				CLANG_WARN_OBJC_LITERAL_CONVERSION = YES;
				CLANG_WARN_OBJC_ROOT_CLASS = YES_ERROR;
				CLANG_WARN_RANGE_LOOP_ANALYSIS = YES;
				CLANG_WARN_STRICT_PROTOTYPES = YES;
				CLANG_WARN_SUSPICIOUS_MOVE = YES;
				CLANG_WARN_UNGUARDED_AVAILABILITY = YES_AGGRESSIVE;
				CLANG_WARN_UNREACHABLE_CODE = YES;
				CLANG_WARN__DUPLICATE_METHOD_MATCH = YES;
				CODE_SIGN_IDENTITY = "iPhone Developer";
				COPY_PHASE_STRIP = NO;
				DEBUG_INFORMATION_FORMAT = dwarf;
				ENABLE_STRICT_OBJC_MSGSEND = YES;
				ENABLE_TESTABILITY = YES;
				GCC_C_LANGUAGE_STANDARD = gnu11;
				GCC_DYNAMIC_NO_PIC = NO;
				GCC_NO_COMMON_BLOCKS = YES;
				GCC_OPTIMIZATION_LEVEL = 0;
				GCC_PREPROCESSOR_DEFINITIONS = (
					"DEBUG=1",
					"$(inherited)",
				);
				GCC_WARN_64_TO_32_BIT_CONVERSION = YES;
				GCC_WARN_ABOUT_RETURN_TYPE = YES_ERROR;
				GCC_WARN_UNDECLARED_SELECTOR = YES;
				GCC_WARN_UNINITIALIZED_AUTOS = YES_AGGRESSIVE;
				GCC_WARN_UNUSED_FUNCTION = YES;
				GCC_WARN_UNUSED_VARIABLE = YES;
				IPHONEOS_DEPLOYMENT_TARGET = 12.1;
				MTL_ENABLE_DEBUG_INFO = INCLUDE_SOURCE;
				MTL_FAST_MATH = YES;
				ONLY_ACTIVE_ARCH = YES;
				SDKROOT = iphoneos;
				SWIFT_ACTIVE_COMPILATION_CONDITIONS = DEBUG;
				SWIFT_OPTIMIZATION_LEVEL = "-Onone";
			};
			name = Debug;
		};
		5C6C516B2476DB8900D8844F /* Release */ = {
			isa = XCBuildConfiguration;
			buildSettings = {
				ALWAYS_SEARCH_USER_PATHS = NO;
				CLANG_ANALYZER_NONNULL = YES;
				CLANG_ANALYZER_NUMBER_OBJECT_CONVERSION = YES_AGGRESSIVE;
				CLANG_CXX_LANGUAGE_STANDARD = "gnu++14";
				CLANG_CXX_LIBRARY = "libc++";
				CLANG_ENABLE_MODULES = YES;
				CLANG_ENABLE_OBJC_ARC = YES;
				CLANG_ENABLE_OBJC_WEAK = YES;
				CLANG_WARN_BLOCK_CAPTURE_AUTORELEASING = YES;
				CLANG_WARN_BOOL_CONVERSION = YES;
				CLANG_WARN_COMMA = YES;
				CLANG_WARN_CONSTANT_CONVERSION = YES;
				CLANG_WARN_DEPRECATED_OBJC_IMPLEMENTATIONS = YES;
				CLANG_WARN_DIRECT_OBJC_ISA_USAGE = YES_ERROR;
				CLANG_WARN_DOCUMENTATION_COMMENTS = YES;
				CLANG_WARN_EMPTY_BODY = YES;
				CLANG_WARN_ENUM_CONVERSION = YES;
				CLANG_WARN_INFINITE_RECURSION = YES;
				CLANG_WARN_INT_CONVERSION = YES;
				CLANG_WARN_NON_LITERAL_NULL_CONVERSION = YES;
				CLANG_WARN_OBJC_IMPLICIT_RETAIN_SELF = YES;
				CLANG_WARN_OBJC_LITERAL_CONVERSION = YES;
				CLANG_WARN_OBJC_ROOT_CLASS = YES_ERROR;
				CLANG_WARN_RANGE_LOOP_ANALYSIS = YES;
				CLANG_WARN_STRICT_PROTOTYPES = YES;
				CLANG_WARN_SUSPICIOUS_MOVE = YES;
				CLANG_WARN_UNGUARDED_AVAILABILITY = YES_AGGRESSIVE;
				CLANG_WARN_UNREACHABLE_CODE = YES;
				CLANG_WARN__DUPLICATE_METHOD_MATCH = YES;
				CODE_SIGN_IDENTITY = "iPhone Developer";
				COPY_PHASE_STRIP = NO;
				DEBUG_INFORMATION_FORMAT = "dwarf-with-dsym";
				ENABLE_NS_ASSERTIONS = NO;
				ENABLE_STRICT_OBJC_MSGSEND = YES;
				GCC_C_LANGUAGE_STANDARD = gnu11;
				GCC_NO_COMMON_BLOCKS = YES;
				GCC_WARN_64_TO_32_BIT_CONVERSION = YES;
				GCC_WARN_ABOUT_RETURN_TYPE = YES_ERROR;
				GCC_WARN_UNDECLARED_SELECTOR = YES;
				GCC_WARN_UNINITIALIZED_AUTOS = YES_AGGRESSIVE;
				GCC_WARN_UNUSED_FUNCTION = YES;
				GCC_WARN_UNUSED_VARIABLE = YES;
				IPHONEOS_DEPLOYMENT_TARGET = 12.1;
				MTL_ENABLE_DEBUG_INFO = NO;
				MTL_FAST_MATH = YES;
				SDKROOT = iphoneos;
				SWIFT_COMPILATION_MODE = wholemodule;
				SWIFT_OPTIMIZATION_LEVEL = "-O";
				VALIDATE_PRODUCT = YES;
			};
			name = Release;
		};
		5C6C516D2476DB8900D8844F /* Debug */ = {
			isa = XCBuildConfiguration;
			buildSettings = {
				ASSETCATALOG_COMPILER_APPICON_NAME = AppIcon;
				CODE_SIGN_STYLE = Automatic;
				INFOPLIST_FILE = practiceCoreData/Info.plist;
				LD_RUNPATH_SEARCH_PATHS = (
					"$(inherited)",
					"@executable_path/Frameworks",
				);
				PRODUCT_BUNDLE_IDENTIFIER = com.practice.practiceCoreData;
				PRODUCT_NAME = "$(TARGET_NAME)";
				SWIFT_VERSION = 4.2;
				TARGETED_DEVICE_FAMILY = "1,2";
			};
			name = Debug;
		};
		5C6C516E2476DB8900D8844F /* Release */ = {
			isa = XCBuildConfiguration;
			buildSettings = {
				ASSETCATALOG_COMPILER_APPICON_NAME = AppIcon;
				CODE_SIGN_STYLE = Automatic;
				INFOPLIST_FILE = practiceCoreData/Info.plist;
				LD_RUNPATH_SEARCH_PATHS = (
					"$(inherited)",
					"@executable_path/Frameworks",
				);
				PRODUCT_BUNDLE_IDENTIFIER = com.practice.practiceCoreData;
				PRODUCT_NAME = "$(TARGET_NAME)";
				SWIFT_VERSION = 4.2;
				TARGETED_DEVICE_FAMILY = "1,2";
			};
			name = Release;
		};
/* End XCBuildConfiguration section */

/* Begin XCConfigurationList section */
		5C6C51522476DB8800D8844F /* Build configuration list for PBXProject "practiceCoreData" */ = {
			isa = XCConfigurationList;
			buildConfigurations = (
				5C6C516A2476DB8900D8844F /* Debug */,
				5C6C516B2476DB8900D8844F /* Release */,
			);
			defaultConfigurationIsVisible = 0;
			defaultConfigurationName = Release;
		};
		5C6C516C2476DB8900D8844F /* Build configuration list for PBXNativeTarget "practiceCoreData" */ = {
			isa = XCConfigurationList;
			buildConfigurations = (
				5C6C516D2476DB8900D8844F /* Debug */,
				5C6C516E2476DB8900D8844F /* Release */,
			);
			defaultConfigurationIsVisible = 0;
			defaultConfigurationName = Release;
		};
/* End XCConfigurationList section */

/* Begin XCVersionGroup section */
		5C6C51612476DB8800D8844F /* practiceCoreData.xcdatamodeld */ = {
			isa = XCVersionGroup;
			children = (
				5C6C51622476DB8800D8844F /* practiceCoreData.xcdatamodel */,
			);
			currentVersion = 5C6C51622476DB8800D8844F /* practiceCoreData.xcdatamodel */;
			path = practiceCoreData.xcdatamodeld;
			sourceTree = "<group>";
			versionGroupType = wrapper.xcdatamodel;
		};
/* End XCVersionGroup section */
	};
	rootObject = 5C6C514F2476DB8800D8844F /* Project object */;
}
